
Microsoft Visual Studio Solution File, Format Version 12.00
# Visual Studio Version 17
VisualStudioVersion = 17.5.33516.290
MinimumVisualStudioVersion = 10.0.40219.1
Project("{FAE04EC0-301F-11D3-BF4B-00C04F79EFBC}") = "SourceGeneratorDemo", "SourceGeneratorDemo\SourceGeneratorDemo.csproj", "{F5C9D5F7-4E95-4AE6-B7A1-42DB07C0849D}"
EndProject
Global
	GlobalSection(SolutionConfigurationPlatforms) = preSolution
		Debug|Any CPU = Debug|Any CPU
		Release|Any CPU = Release|Any CPU
	EndGlobalSection
	GlobalSection(ProjectConfigurationPlatforms) = postSolution
		{F5C9D5F7-4E95-4AE6-B7A1-42DB07C0849D}.Debug|Any CPU.ActiveCfg = Debug|Any CPU
		{F5C9D5F7-4E95-4AE6-B7A1-42DB07C0849D}.Debug|Any CPU.Build.0 = Debug|Any CPU
		{F5C9D5F7-4E95-4AE6-B7A1-42DB07C0849D}.Release|Any CPU.ActiveCfg = Release|Any CPU
		{F5C9D5F7-4E95-4AE6-B7A1-42DB07C0849D}.Release|Any CPU.Build.0 = Release|Any CPU
	EndGlobalSection
	GlobalSection(SolutionProperties) = preSolution
		HideSolutionNode = FALSE
	EndGlobalSection
	GlobalSection(ExtensibilityGlobals) = postSolution
		SolutionGuid = {15EA6C65-B546-447B-AA5B-684E4C313BD6}
	EndGlobalSection
EndGlobal
