
Microsoft Visual Studio Solution File, Format Version 12.00
# Visual Studio Version 17
VisualStudioVersion = 17.5.33516.290
MinimumVisualStudioVersion = 10.0.40219.1
Project("{FAE04EC0-301F-11D3-BF4B-00C04F79EFBC}") = "OptionPatternDemo", "OptionPatternDemo\OptionPatternDemo.csproj", "{7C5923AE-85F7-4473-9DCE-73265D7EFCB2}"
EndProject
Global
	GlobalSection(SolutionConfigurationPlatforms) = preSolution
		Debug|Any CPU = Debug|Any CPU
		Release|Any CPU = Release|Any CPU
	EndGlobalSection
	GlobalSection(ProjectConfigurationPlatforms) = postSolution
		{7C5923AE-85F7-4473-9DCE-73265D7EFCB2}.Debug|Any CPU.ActiveCfg = Debug|Any CPU
		{7C5923AE-85F7-4473-9DCE-73265D7EFCB2}.Debug|Any CPU.Build.0 = Debug|Any CPU
		{7C5923AE-85F7-4473-9DCE-73265D7EFCB2}.Release|Any CPU.ActiveCfg = Release|Any CPU
		{7C5923AE-85F7-4473-9DCE-73265D7EFCB2}.Release|Any CPU.Build.0 = Release|Any CPU
	EndGlobalSection
	GlobalSection(SolutionProperties) = preSolution
		HideSolutionNode = FALSE
	EndGlobalSection
	GlobalSection(ExtensibilityGlobals) = postSolution
		SolutionGuid = {8BC10B99-EF8B-491D-A47D-33BB032699BD}
	EndGlobalSection
EndGlobal
