
Microsoft Visual Studio Solution File, Format Version 12.00
# Visual Studio Version 17
VisualStudioVersion = 17.14.36511.14 d17.14
MinimumVisualStudioVersion = 10.0.40219.1
Project("{FAE04EC0-301F-11D3-BF4B-00C04F79EFBC}") = "DirectoryClass", "DirectoryClass\DirectoryClass.csproj", "{470EFA85-0435-42B3-AEB7-CEEF73ADFAB8}"
EndProject
Global
	GlobalSection(SolutionConfigurationPlatforms) = preSolution
		Debug|Any CPU = Debug|Any CPU
		Release|Any CPU = Release|Any CPU
	EndGlobalSection
	GlobalSection(ProjectConfigurationPlatforms) = postSolution
		{470EFA85-0435-42B3-AEB7-CEEF73ADFAB8}.Debug|Any CPU.ActiveCfg = Debug|Any CPU
		{470EFA85-0435-42B3-AEB7-CEEF73ADFAB8}.Debug|Any CPU.Build.0 = Debug|Any CPU
		{470EFA85-0435-42B3-AEB7-CEEF73ADFAB8}.Release|Any CPU.ActiveCfg = Release|Any CPU
		{470EFA85-0435-42B3-AEB7-CEEF73ADFAB8}.Release|Any CPU.Build.0 = Release|Any CPU
	EndGlobalSection
	GlobalSection(SolutionProperties) = preSolution
		HideSolutionNode = FALSE
	EndGlobalSection
	GlobalSection(ExtensibilityGlobals) = postSolution
		SolutionGuid = {A81CFC3A-ECD3-4FE2-B6E2-99E06D17B2CA}
	EndGlobalSection
EndGlobal
