
Microsoft Visual Studio Solution File, Format Version 12.00
# Visual Studio Version 17
VisualStudioVersion = 17.5.33516.290
MinimumVisualStudioVersion = 10.0.40219.1
Project("{FAE04EC0-301F-11D3-BF4B-00C04F79EFBC}") = "RedisDemo", "RedisDemo\RedisDemo.csproj", "{C11CDDA4-953A-4D3B-8F47-577558B88CF4}"
EndProject
Global
	GlobalSection(SolutionConfigurationPlatforms) = preSolution
		Debug|Any CPU = Debug|Any CPU
		Release|Any CPU = Release|Any CPU
	EndGlobalSection
	GlobalSection(ProjectConfigurationPlatforms) = postSolution
		{C11CDDA4-953A-4D3B-8F47-577558B88CF4}.Debug|Any CPU.ActiveCfg = Debug|Any CPU
		{C11CDDA4-953A-4D3B-8F47-577558B88CF4}.Debug|Any CPU.Build.0 = Debug|Any CPU
		{C11CDDA4-953A-4D3B-8F47-577558B88CF4}.Release|Any CPU.ActiveCfg = Release|Any CPU
		{C11CDDA4-953A-4D3B-8F47-577558B88CF4}.Release|Any CPU.Build.0 = Release|Any CPU
	EndGlobalSection
	GlobalSection(SolutionProperties) = preSolution
		HideSolutionNode = FALSE
	EndGlobalSection
	GlobalSection(ExtensibilityGlobals) = postSolution
		SolutionGuid = {C9D1EC65-C328-475A-A13D-57D7B318052D}
	EndGlobalSection
EndGlobal
