
Microsoft Visual Studio Solution File, Format Version 12.00
# Visual Studio Version 17
VisualStudioVersion = 17.5.33516.290
MinimumVisualStudioVersion = 10.0.40219.1
Project("{FAE04EC0-301F-11D3-BF4B-00C04F79EFBC}") = "CustomStoreAPI", "CustomStoreAPI\CustomStoreAPI.csproj", "{D2A9650C-03E8-417F-84ED-EB3970E91DF6}"
EndProject
Global
	GlobalSection(SolutionConfigurationPlatforms) = preSolution
		Debug|Any CPU = Debug|Any CPU
		Release|Any CPU = Release|Any CPU
	EndGlobalSection
	GlobalSection(ProjectConfigurationPlatforms) = postSolution
		{D2A9650C-03E8-417F-84ED-EB3970E91DF6}.Debug|Any CPU.ActiveCfg = Debug|Any CPU
		{D2A9650C-03E8-417F-84ED-EB3970E91DF6}.Debug|Any CPU.Build.0 = Debug|Any CPU
		{D2A9650C-03E8-417F-84ED-EB3970E91DF6}.Release|Any CPU.ActiveCfg = Release|Any CPU
		{D2A9650C-03E8-417F-84ED-EB3970E91DF6}.Release|Any CPU.Build.0 = Release|Any CPU
	EndGlobalSection
	GlobalSection(SolutionProperties) = preSolution
		HideSolutionNode = FALSE
	EndGlobalSection
	GlobalSection(ExtensibilityGlobals) = postSolution
		SolutionGuid = {D822A89F-350A-42C1-A61D-5374F6065A05}
	EndGlobalSection
EndGlobal
