
Microsoft Visual Studio Solution File, Format Version 12.00
# Visual Studio Version 17
VisualStudioVersion = 17.14.36511.14 d17.14
MinimumVisualStudioVersion = 10.0.40219.1
Project("{FAE04EC0-301F-11D3-BF4B-00C04F79EFBC}") = "EFCoreCodeFirst", "EFCoreCodeFirst\EFCoreCodeFirst.csproj", "{D2D67A48-920F-4662-AF96-BB331E1461AA}"
EndProject
Global
	GlobalSection(SolutionConfigurationPlatforms) = preSolution
		Debug|Any CPU = Debug|Any CPU
		Release|Any CPU = Release|Any CPU
	EndGlobalSection
	GlobalSection(ProjectConfigurationPlatforms) = postSolution
		{D2D67A48-920F-4662-AF96-BB331E1461AA}.Debug|Any CPU.ActiveCfg = Debug|Any CPU
		{D2D67A48-920F-4662-AF96-BB331E1461AA}.Debug|Any CPU.Build.0 = Debug|Any CPU
		{D2D67A48-920F-4662-AF96-BB331E1461AA}.Release|Any CPU.ActiveCfg = Release|Any CPU
		{D2D67A48-920F-4662-AF96-BB331E1461AA}.Release|Any CPU.Build.0 = Release|Any CPU
	EndGlobalSection
	GlobalSection(SolutionProperties) = preSolution
		HideSolutionNode = FALSE
	EndGlobalSection
	GlobalSection(ExtensibilityGlobals) = postSolution
		SolutionGuid = {29E13DEE-B29A-45AA-A74B-D3BD2A7FF988}
	EndGlobalSection
EndGlobal
