
Microsoft Visual Studio Solution File, Format Version 12.00
# Visual Studio Version 17
VisualStudioVersion = 17.14.36511.14 d17.14
MinimumVisualStudioVersion = 10.0.40219.1
Project("{FAE04EC0-301F-11D3-BF4B-00C04F79EFBC}") = "Ingestion.Cli", "Ingestion.Cli\Ingestion.Cli.csproj", "{CBCCCF7C-7426-40F7-B595-34A884441829}"
EndProject
Project("{FAE04EC0-301F-11D3-BF4B-00C04F79EFBC}") = "Ingestion.Pipeline", "Ingestion.Pipeline\Ingestion.Pipeline.csproj", "{1C24DE47-8CAD-49C6-8281-76F612BA3754}"
EndProject
Project("{FAE04EC0-301F-11D3-BF4B-00C04F79EFBC}") = "Domain", "..\..\Week 3\Assignment\LibraryCheckIn\Domain\Domain.csproj", "{C8C31512-0616-D383-1597-F882CC123563}"
EndProject
Global
	GlobalSection(SolutionConfigurationPlatforms) = preSolution
		Debug|Any CPU = Debug|Any CPU
		Release|Any CPU = Release|Any CPU
	EndGlobalSection
	GlobalSection(ProjectConfigurationPlatforms) = postSolution
		{CBCCCF7C-7426-40F7-B595-34A884441829}.Debug|Any CPU.ActiveCfg = Debug|Any CPU
		{CBCCCF7C-7426-40F7-B595-34A884441829}.Debug|Any CPU.Build.0 = Debug|Any CPU
		{CBCCCF7C-7426-40F7-B595-34A884441829}.Release|Any CPU.ActiveCfg = Release|Any CPU
		{CBCCCF7C-7426-40F7-B595-34A884441829}.Release|Any CPU.Build.0 = Release|Any CPU
		{1C24DE47-8CAD-49C6-8281-76F612BA3754}.Debug|Any CPU.ActiveCfg = Debug|Any CPU
		{1C24DE47-8CAD-49C6-8281-76F612BA3754}.Debug|Any CPU.Build.0 = Debug|Any CPU
		{1C24DE47-8CAD-49C6-8281-76F612BA3754}.Release|Any CPU.ActiveCfg = Release|Any CPU
		{1C24DE47-8CAD-49C6-8281-76F612BA3754}.Release|Any CPU.Build.0 = Release|Any CPU
		{C8C31512-0616-D383-1597-F882CC123563}.Debug|Any CPU.ActiveCfg = Debug|Any CPU
		{C8C31512-0616-D383-1597-F882CC123563}.Debug|Any CPU.Build.0 = Debug|Any CPU
		{C8C31512-0616-D383-1597-F882CC123563}.Release|Any CPU.ActiveCfg = Release|Any CPU
		{C8C31512-0616-D383-1597-F882CC123563}.Release|Any CPU.Build.0 = Release|Any CPU
	EndGlobalSection
	GlobalSection(SolutionProperties) = preSolution
		HideSolutionNode = FALSE
	EndGlobalSection
	GlobalSection(ExtensibilityGlobals) = postSolution
		SolutionGuid = {E6A93FB2-13DD-465E-A396-1BBD2274F577}
	EndGlobalSection
EndGlobal
