
Microsoft Visual Studio Solution File, Format Version 12.00
# Visual Studio Version 17
VisualStudioVersion = 17.5.33516.290
MinimumVisualStudioVersion = 10.0.40219.1
Project("{FAE04EC0-301F-11D3-BF4B-00C04F79EFBC}") = "BuildInMiddleware", "BuildInMiddleware\BuildInMiddleware.csproj", "{57408285-6346-4D97-9905-A3989C92104C}"
EndProject
Global
	GlobalSection(SolutionConfigurationPlatforms) = preSolution
		Debug|Any CPU = Debug|Any CPU
		Release|Any CPU = Release|Any CPU
	EndGlobalSection
	GlobalSection(ProjectConfigurationPlatforms) = postSolution
		{57408285-6346-4D97-9905-A3989C92104C}.Debug|Any CPU.ActiveCfg = Debug|Any CPU
		{57408285-6346-4D97-9905-A3989C92104C}.Debug|Any CPU.Build.0 = Debug|Any CPU
		{57408285-6346-4D97-9905-A3989C92104C}.Release|Any CPU.ActiveCfg = Release|Any CPU
		{57408285-6346-4D97-9905-A3989C92104C}.Release|Any CPU.Build.0 = Release|Any CPU
	EndGlobalSection
	GlobalSection(SolutionProperties) = preSolution
		HideSolutionNode = FALSE
	EndGlobalSection
	GlobalSection(ExtensibilityGlobals) = postSolution
		SolutionGuid = {AB1B3905-6A18-4E59-B81D-21F66DA5CC9C}
	EndGlobalSection
EndGlobal
